
Microsoft Visual Studio Solution File, Format Version 12.00
# Visual Studio Version 17
VisualStudioVersion = 17.7.34031.279
MinimumVisualStudioVersion = 10.0.40219.1
Project("{FAE04EC0-301F-11D3-BF4B-00C04F79EFBC}") = "Asm OS&SP 4", "Asm OS&SP 4\Asm OS&SP 4.csproj", "{4005A2C1-9B97-4AEF-AFDF-C2E6FCBE2E65}"
EndProject
Global
	GlobalSection(SolutionConfigurationPlatforms) = preSolution
		Debug|Any CPU = Debug|Any CPU
		Release|Any CPU = Release|Any CPU
	EndGlobalSection
	GlobalSection(ProjectConfigurationPlatforms) = postSolution
		{4005A2C1-9B97-4AEF-AFDF-C2E6FCBE2E65}.Debug|Any CPU.ActiveCfg = Debug|Any CPU
		{4005A2C1-9B97-4AEF-AFDF-C2E6FCBE2E65}.Debug|Any CPU.Build.0 = Debug|Any CPU
		{4005A2C1-9B97-4AEF-AFDF-C2E6FCBE2E65}.Release|Any CPU.ActiveCfg = Release|Any CPU
		{4005A2C1-9B97-4AEF-AFDF-C2E6FCBE2E65}.Release|Any CPU.Build.0 = Release|Any CPU
	EndGlobalSection
	GlobalSection(SolutionProperties) = preSolution
		HideSolutionNode = FALSE
	EndGlobalSection
	GlobalSection(ExtensibilityGlobals) = postSolution
		SolutionGuid = {21B664E5-3704-4A34-8C83-085CD679E3DE}
	EndGlobalSection
EndGlobal
